
Microsoft Visual Studio Solution File, Format Version 12.00
# Visual Studio Version 17
VisualStudioVersion = 17.2.32602.215
MinimumVisualStudioVersion = 10.0.40219.1
Project("{FAE04EC0-301F-11D3-BF4B-00C04F79EFBC}") = "api", "api.csproj", "{70F58C11-89B8-4945-AA38-1BC4F815815F}"
EndProject
Global
	GlobalSection(SolutionConfigurationPlatforms) = preSolution
		Debug|Any CPU = Debug|Any CPU
		Release|Any CPU = Release|Any CPU
	EndGlobalSection
	GlobalSection(ProjectConfigurationPlatforms) = postSolution
		{70F58C11-89B8-4945-AA38-1BC4F815815F}.Debug|Any CPU.ActiveCfg = Debug|Any CPU
		{70F58C11-89B8-4945-AA38-1BC4F815815F}.Debug|Any CPU.Build.0 = Debug|Any CPU
		{70F58C11-89B8-4945-AA38-1BC4F815815F}.Release|Any CPU.ActiveCfg = Release|Any CPU
		{70F58C11-89B8-4945-AA38-1BC4F815815F}.Release|Any CPU.Build.0 = Release|Any CPU
	EndGlobalSection
	GlobalSection(SolutionProperties) = preSolution
		HideSolutionNode = FALSE
	EndGlobalSection
	GlobalSection(ExtensibilityGlobals) = postSolution
		SolutionGuid = {EF189D70-F9FE-4DFE-86C2-61B0E5CB5B63}
	EndGlobalSection
EndGlobal
